// !$*UTF8*$!
{
	archiveVersion = 1;
	classes = {
	};
	objectVersion = 50;
	objects = {

/* Begin PBXBuildFile section */
		0554BC40A3D1B76F415B40A193937A21 /* Card.swift in Sources */ = {isa = PBXBuildFile; fileRef = B84EC1727641F2B1E52C02021EEB642A /* Card.swift */; };
		076D418D6F43E1CB7A765ACD14146012 /* Alamofire.framework in Frameworks */ = {isa = PBXBuildFile; fileRef = 669158D07267EDADD16AB6082704F236 /* Alamofire.framework */; };
		180CD23BEE400D5035EF6D9CA306851F /* CardService.swift in Sources */ = {isa = PBXBuildFile; fileRef = 7DC76791235BA07DC1E9C28319B20DAE /* CardService.swift */; };
		1E9B9475695FD27D0C712FFA332FD8E1 /* CardSetService.swift in Sources */ = {isa = PBXBuildFile; fileRef = 3999DFC35B2A9A429FCDBB359F5D0E29 /* CardSetService.swift */; };
		2808C8D0CFB1C8E5F5C1EACC2BB490F5 /* CardSetSpec.swift in Sources */ = {isa = PBXBuildFile; fileRef = 0A6F38CF6765077A50CFE0DB4B28C9B7 /* CardSetSpec.swift */; };
		2F102689DA7180DF8D5AAED54F7EE97B /* Main.storyboard in Resources */ = {isa = PBXBuildFile; fileRef = 8A06F0D0EC0887CE3B6818813F3FFE48 /* Main.storyboard */; };
		3C91FFD6B6749F57C4E569D77CE817DD /* Nimble.framework in Frameworks */ = {isa = PBXBuildFile; fileRef = 857035761DBFFFBDA641D43A064931D8 /* Nimble.framework */; };
		46B7FF722278B20400A73C7F /* CachedCartSetService.swift in Sources */ = {isa = PBXBuildFile; fileRef = 46B7FF712278B20400A73C7F /* CachedCartSetService.swift */; };
		46B7FF762278BAB600A73C7F /* Cache.swift in Sources */ = {isa = PBXBuildFile; fileRef = 46B7FF752278BAB600A73C7F /* Cache.swift */; };
		500CE221440CE141C684314BF18DB6FD /* Nimble.framework in Embed Frameworks */ = {isa = PBXBuildFile; fileRef = 857035761DBFFFBDA641D43A064931D8 /* Nimble.framework */; settings = {ATTRIBUTES = (CodeSignOnCopy, RemoveHeadersOnCopy, ); }; };
		501E384E7C5EBD02DC4EE11D031F8823 /* NetworkServiceSpec.swift in Sources */ = {isa = PBXBuildFile; fileRef = 83E9CE4ED600106DC6EBFD8920D93ACF /* NetworkServiceSpec.swift */; };
		919481AEBDD91A5CD7490463A715FEBB /* NetworkService.swift in Sources */ = {isa = PBXBuildFile; fileRef = 4035D63CF0A1D590B27DF708044C8022 /* NetworkService.swift */; };
		AC2581A5EFAC75F86F1C685005D3E3BB /* Assets.xcassets in Resources */ = {isa = PBXBuildFile; fileRef = 6C02D08FDA0F98A07595ECCB9625D13A /* Assets.xcassets */; };
		BB9BE06232825B3C9F548E9AF3628505 /* ViewController.swift in Sources */ = {isa = PBXBuildFile; fileRef = B1A4808FC8D210F574BDA31EE378EF36 /* ViewController.swift */; };
		BD90D09DFD411918A117AB707805CCE7 /* AppDelegate.swift in Sources */ = {isa = PBXBuildFile; fileRef = 643B2E771BBB60AE3A53BE0C734A6931 /* AppDelegate.swift */; };
		CC26ACF137D59A64C8D62F4D036EF2F4 /* Quick.framework in Embed Frameworks */ = {isa = PBXBuildFile; fileRef = 277990D0FA7A21130ABD56192D6A81BF /* Quick.framework */; settings = {ATTRIBUTES = (CodeSignOnCopy, RemoveHeadersOnCopy, ); }; };
		DCF5D64F8985FD7F7D1A046209680D79 /* LaunchScreen.storyboard in Resources */ = {isa = PBXBuildFile; fileRef = 2FED5A7B6C2CF86827FFA4F2F70EC521 /* LaunchScreen.storyboard */; };
		E183BDDAA44685A6AC57B739BA75FA7A /* CardSet.swift in Sources */ = {isa = PBXBuildFile; fileRef = 87FE3BFBA16322DA4C08136BE9B19295 /* CardSet.swift */; };
		E20E6F5202B6B4DE5B1135D9DD1A7842 /* MagicTests.swift in Sources */ = {isa = PBXBuildFile; fileRef = 77E4780CB88D94264D2D8F72EC8E6A7A /* MagicTests.swift */; };
		E5EEF12EEF23ADED806918FAEB3C954A /* Alamofire.framework in Embed Frameworks */ = {isa = PBXBuildFile; fileRef = 669158D07267EDADD16AB6082704F236 /* Alamofire.framework */; settings = {ATTRIBUTES = (CodeSignOnCopy, RemoveHeadersOnCopy, ); }; };
		EA4B14E23B0A1B202645CA23A245F32C /* Quick.framework in Frameworks */ = {isa = PBXBuildFile; fileRef = 277990D0FA7A21130ABD56192D6A81BF /* Quick.framework */; };
		ED7858E5A49B087EA347DACB7C5561E5 /* CardSpec.swift in Sources */ = {isa = PBXBuildFile; fileRef = AB836619CF5C6889F159F9335B104E41 /* CardSpec.swift */; };
/* End PBXBuildFile section */

/* Begin PBXContainerItemProxy section */
		6FDBFEC2BC8223922B6ADECA991AA347 /* PBXContainerItemProxy */ = {
			isa = PBXContainerItemProxy;
			containerPortal = B945C69B79389B225666B276D7976339 /* Project object */;
			proxyType = 1;
			remoteGlobalIDString = 6B56C1DB3ADC9BFA5C7A6A103CC77C24;
			remoteInfo = Magic;
		};
/* End PBXContainerItemProxy section */

/* Begin PBXCopyFilesBuildPhase section */
		D8B1AE558E50251304EF2130450EBA08 /* Embed Frameworks */ = {
			isa = PBXCopyFilesBuildPhase;
			buildActionMask = 2147483647;
			dstPath = "";
			dstSubfolderSpec = 10;
			files = (
				E5EEF12EEF23ADED806918FAEB3C954A /* Alamofire.framework in Embed Frameworks */,
				500CE221440CE141C684314BF18DB6FD /* Nimble.framework in Embed Frameworks */,
				CC26ACF137D59A64C8D62F4D036EF2F4 /* Quick.framework in Embed Frameworks */,
			);
			name = "Embed Frameworks";
			runOnlyForDeploymentPostprocessing = 0;
		};
/* End PBXCopyFilesBuildPhase section */

/* Begin PBXFileReference section */
		02F519F0B330DD3185C6FBBC0D45D7C8 /* Magic.app */ = {isa = PBXFileReference; includeInIndex = 0; lastKnownFileType = wrapper.application; path = Magic.app; sourceTree = BUILT_PRODUCTS_DIR; };
		0A6F38CF6765077A50CFE0DB4B28C9B7 /* CardSetSpec.swift */ = {isa = PBXFileReference; lastKnownFileType = sourcecode.swift; path = CardSetSpec.swift; sourceTree = "<group>"; };
		1E767FFBA8566ABB1DB5511368377DBC /* Base */ = {isa = PBXFileReference; lastKnownFileType = file.storyboard; name = Base; path = Base.lproj/Main.storyboard; sourceTree = "<group>"; };
		277990D0FA7A21130ABD56192D6A81BF /* Quick.framework */ = {isa = PBXFileReference; lastKnownFileType = wrapper.framework; path = Quick.framework; sourceTree = "<group>"; };
		3999DFC35B2A9A429FCDBB359F5D0E29 /* CardSetService.swift */ = {isa = PBXFileReference; lastKnownFileType = sourcecode.swift; path = CardSetService.swift; sourceTree = "<group>"; };
		4035D63CF0A1D590B27DF708044C8022 /* NetworkService.swift */ = {isa = PBXFileReference; lastKnownFileType = sourcecode.swift; path = NetworkService.swift; sourceTree = "<group>"; };
		40B958FF277A36A4CD59B4BB578CB040 /* MagicTests.xctest */ = {isa = PBXFileReference; includeInIndex = 0; lastKnownFileType = wrapper.cfbundle; path = MagicTests.xctest; sourceTree = BUILT_PRODUCTS_DIR; };
		46B7FF712278B20400A73C7F /* CachedCartSetService.swift */ = {isa = PBXFileReference; lastKnownFileType = sourcecode.swift; path = CachedCartSetService.swift; sourceTree = "<group>"; };
		46B7FF752278BAB600A73C7F /* Cache.swift */ = {isa = PBXFileReference; lastKnownFileType = sourcecode.swift; path = Cache.swift; sourceTree = "<group>"; };
		643B2E771BBB60AE3A53BE0C734A6931 /* AppDelegate.swift */ = {isa = PBXFileReference; lastKnownFileType = sourcecode.swift; path = AppDelegate.swift; sourceTree = "<group>"; };
		669158D07267EDADD16AB6082704F236 /* Alamofire.framework */ = {isa = PBXFileReference; lastKnownFileType = wrapper.framework; path = Alamofire.framework; sourceTree = "<group>"; };
		6C02D08FDA0F98A07595ECCB9625D13A /* Assets.xcassets */ = {isa = PBXFileReference; lastKnownFileType = folder.assetcatalog; path = Assets.xcassets; sourceTree = "<group>"; };
		700FDD75404DD88EA8F7DBF8BFFD43BB /* Base */ = {isa = PBXFileReference; lastKnownFileType = file.storyboard; name = Base; path = Base.lproj/LaunchScreen.storyboard; sourceTree = "<group>"; };
		77E4780CB88D94264D2D8F72EC8E6A7A /* MagicTests.swift */ = {isa = PBXFileReference; lastKnownFileType = sourcecode.swift; path = MagicTests.swift; sourceTree = "<group>"; };
		7DC76791235BA07DC1E9C28319B20DAE /* CardService.swift */ = {isa = PBXFileReference; lastKnownFileType = sourcecode.swift; path = CardService.swift; sourceTree = "<group>"; };
		83E9CE4ED600106DC6EBFD8920D93ACF /* NetworkServiceSpec.swift */ = {isa = PBXFileReference; lastKnownFileType = sourcecode.swift; path = NetworkServiceSpec.swift; sourceTree = "<group>"; };
		857035761DBFFFBDA641D43A064931D8 /* Nimble.framework */ = {isa = PBXFileReference; lastKnownFileType = wrapper.framework; path = Nimble.framework; sourceTree = "<group>"; };
		87FE3BFBA16322DA4C08136BE9B19295 /* CardSet.swift */ = {isa = PBXFileReference; lastKnownFileType = sourcecode.swift; path = CardSet.swift; sourceTree = "<group>"; };
		891EABD397E79AD48E213F258177E2D4 /* Info.plist */ = {isa = PBXFileReference; lastKnownFileType = text.plist.xml; path = Info.plist; sourceTree = "<group>"; };
		AB836619CF5C6889F159F9335B104E41 /* CardSpec.swift */ = {isa = PBXFileReference; lastKnownFileType = sourcecode.swift; path = CardSpec.swift; sourceTree = "<group>"; };
		B1A4808FC8D210F574BDA31EE378EF36 /* ViewController.swift */ = {isa = PBXFileReference; lastKnownFileType = sourcecode.swift; path = ViewController.swift; sourceTree = "<group>"; };
		B84EC1727641F2B1E52C02021EEB642A /* Card.swift */ = {isa = PBXFileReference; lastKnownFileType = sourcecode.swift; path = Card.swift; sourceTree = "<group>"; };
		C82CAB4533F5AA6B5C56E2144938E19C /* Info.plist */ = {isa = PBXFileReference; lastKnownFileType = text.plist.xml; path = Info.plist; sourceTree = "<group>"; };
/* End PBXFileReference section */

/* Begin PBXFrameworksBuildPhase section */
		1C9AAF0F48F1F4F2A474CFDE79BF2B46 /* Frameworks */ = {
			isa = PBXFrameworksBuildPhase;
			buildActionMask = 2147483647;
			files = (
				EA4B14E23B0A1B202645CA23A245F32C /* Quick.framework in Frameworks */,
				3C91FFD6B6749F57C4E569D77CE817DD /* Nimble.framework in Frameworks */,
			);
			runOnlyForDeploymentPostprocessing = 0;
		};
		DB89D048C6B75C80088B47EE05F0B5AF /* Frameworks */ = {
			isa = PBXFrameworksBuildPhase;
			buildActionMask = 2147483647;
			files = (
				076D418D6F43E1CB7A765ACD14146012 /* Alamofire.framework in Frameworks */,
			);
			runOnlyForDeploymentPostprocessing = 0;
		};
/* End PBXFrameworksBuildPhase section */

/* Begin PBXGroup section */
		14E290332A1276D31D86938A143EFD66 /* Frameworks */ = {
			isa = PBXGroup;
			children = (
				821CC14E021E094CBDCD088DABD95963 /* Carthage */,
			);
			name = Frameworks;
			sourceTree = "<group>";
		};
		1F7411055E1BE00A792225AD25E687DE /* Models */ = {
			isa = PBXGroup;
			children = (
				0A6F38CF6765077A50CFE0DB4B28C9B7 /* CardSetSpec.swift */,
				AB836619CF5C6889F159F9335B104E41 /* CardSpec.swift */,
			);
			path = Models;
			sourceTree = "<group>";
		};
		22E1B3D434FFDA3C4AD291FB79F7DDAB /* Network */ = {
			isa = PBXGroup;
			children = (
				83E9CE4ED600106DC6EBFD8920D93ACF /* NetworkServiceSpec.swift */,
			);
			path = Network;
			sourceTree = "<group>";
		};
		2539278258BB2967F6E56213B70282E6 /* Products */ = {
			isa = PBXGroup;
			children = (
				02F519F0B330DD3185C6FBBC0D45D7C8 /* Magic.app */,
				40B958FF277A36A4CD59B4BB578CB040 /* MagicTests.xctest */,
			);
			name = Products;
			sourceTree = "<group>";
		};
		38B4C45E8476A6B2A0BFC00F91165830 /* Magic */ = {
			isa = PBXGroup;
			children = (
				46B7FF6D2278AB3D00A73C7F /* Data */,
				643B2E771BBB60AE3A53BE0C734A6931 /* AppDelegate.swift */,
				6C02D08FDA0F98A07595ECCB9625D13A /* Assets.xcassets */,
				C82CAB4533F5AA6B5C56E2144938E19C /* Info.plist */,
				2FED5A7B6C2CF86827FFA4F2F70EC521 /* LaunchScreen.storyboard */,
				8A06F0D0EC0887CE3B6818813F3FFE48 /* Main.storyboard */,
				B1A4808FC8D210F574BDA31EE378EF36 /* ViewController.swift */,
			);
			path = Magic;
			sourceTree = "<group>";
		};
		46B7FF6D2278AB3D00A73C7F /* Data */ = {
			isa = PBXGroup;
			children = (
				C1FD4D401B486E0C08E555595470A829 /* Models */,
				AD1DCC759CD30AF5F1C2078E225B7632 /* Network */,
				7A354EC4A7C4A3DEFE0A65C167768DEA /* Protocols */,
				46B7FF752278BAB600A73C7F /* Cache.swift */,
			);
			path = Data;
			sourceTree = "<group>";
		};
		68A8C775CB7BAC87C6BFD0F3CB2B1F58 /* iOS */ = {
			isa = PBXGroup;
			children = (
				669158D07267EDADD16AB6082704F236 /* Alamofire.framework */,
				857035761DBFFFBDA641D43A064931D8 /* Nimble.framework */,
				277990D0FA7A21130ABD56192D6A81BF /* Quick.framework */,
			);
			path = iOS;
			sourceTree = "<group>";
		};
		7A354EC4A7C4A3DEFE0A65C167768DEA /* Protocols */ = {
			isa = PBXGroup;
			children = (
				7DC76791235BA07DC1E9C28319B20DAE /* CardService.swift */,
				3999DFC35B2A9A429FCDBB359F5D0E29 /* CardSetService.swift */,
			);
			path = Protocols;
			sourceTree = "<group>";
		};
		821CC14E021E094CBDCD088DABD95963 /* Carthage */ = {
			isa = PBXGroup;
			children = (
				68A8C775CB7BAC87C6BFD0F3CB2B1F58 /* iOS */,
			);
			name = Carthage;
			path = Carthage/Build;
			sourceTree = "<group>";
		};
		844C7DF45E3D3E1B36EC126306D9FAAD /* MagicTests */ = {
			isa = PBXGroup;
			children = (
				891EABD397E79AD48E213F258177E2D4 /* Info.plist */,
				77E4780CB88D94264D2D8F72EC8E6A7A /* MagicTests.swift */,
				1F7411055E1BE00A792225AD25E687DE /* Models */,
				22E1B3D434FFDA3C4AD291FB79F7DDAB /* Network */,
			);
			path = MagicTests;
			sourceTree = "<group>";
		};
		AD1DCC759CD30AF5F1C2078E225B7632 /* Network */ = {
			isa = PBXGroup;
			children = (
				4035D63CF0A1D590B27DF708044C8022 /* NetworkService.swift */,
				46B7FF712278B20400A73C7F /* CachedCartSetService.swift */,
			);
			path = Network;
			sourceTree = "<group>";
		};
		BBA3A022BB3D71DC3E6467AB6FDAF887 = {
			isa = PBXGroup;
			children = (
				38B4C45E8476A6B2A0BFC00F91165830 /* Magic */,
				844C7DF45E3D3E1B36EC126306D9FAAD /* MagicTests */,
				14E290332A1276D31D86938A143EFD66 /* Frameworks */,
				2539278258BB2967F6E56213B70282E6 /* Products */,
			);
			sourceTree = "<group>";
		};
		C1FD4D401B486E0C08E555595470A829 /* Models */ = {
			isa = PBXGroup;
			children = (
				B84EC1727641F2B1E52C02021EEB642A /* Card.swift */,
				87FE3BFBA16322DA4C08136BE9B19295 /* CardSet.swift */,
			);
			path = Models;
			sourceTree = "<group>";
		};
/* End PBXGroup section */

/* Begin PBXNativeTarget section */
		4F6D1C3F8BF0A0EEC8CBAF882B6FE7F8 /* MagicTests */ = {
			isa = PBXNativeTarget;
			buildConfigurationList = 7F51EADCF29232795A58BAD26501BA6B /* Build configuration list for PBXNativeTarget "MagicTests" */;
			buildPhases = (
				B0ED38937485C1E90A402C54B0EA9568 /* Sources */,
				1C9AAF0F48F1F4F2A474CFDE79BF2B46 /* Frameworks */,
				D8B1AE558E50251304EF2130450EBA08 /* Embed Frameworks */,
			);
			buildRules = (
			);
			dependencies = (
				C5D77F61A12E0CE361C728893993B6B9 /* PBXTargetDependency */,
			);
			name = MagicTests;
			productName = MagicTests;
			productReference = 40B958FF277A36A4CD59B4BB578CB040 /* MagicTests.xctest */;
			productType = "com.apple.product-type.bundle.unit-test";
		};
		6B56C1DB3ADC9BFA5C7A6A103CC77C24 /* Magic */ = {
			isa = PBXNativeTarget;
			buildConfigurationList = E0802AEE9D133449084D38C6B47F8DAD /* Build configuration list for PBXNativeTarget "Magic" */;
			buildPhases = (
				0A3F749C39616916368EB5AF808C09BB /* Sources */,
				306C28590667ED97F99DED4082811744 /* SwiftLint */,
				46D82EBA2C43F8DB0185D16DFF57435F /* Resources */,
				98A033C1B05D9B81BBCA0B648A68AB0A /* Carthage */,
				DB89D048C6B75C80088B47EE05F0B5AF /* Frameworks */,
			);
			buildRules = (
			);
			dependencies = (
			);
			name = Magic;
			productName = Magic;
			productReference = 02F519F0B330DD3185C6FBBC0D45D7C8 /* Magic.app */;
			productType = "com.apple.product-type.application";
		};
/* End PBXNativeTarget section */

/* Begin PBXProject section */
		B945C69B79389B225666B276D7976339 /* Project object */ = {
			isa = PBXProject;
			attributes = {
				LastUpgradeCheck = 1020;
				TargetAttributes = {
					4F6D1C3F8BF0A0EEC8CBAF882B6FE7F8 = {
						TestTargetID = 6B56C1DB3ADC9BFA5C7A6A103CC77C24;
					};
				};
			};
			buildConfigurationList = 438685B3DDD167C3349C426D93F58E5D /* Build configuration list for PBXProject "Magic" */;
			compatibilityVersion = "Xcode 9.3";
			developmentRegion = en;
			hasScannedForEncodings = 0;
			knownRegions = (
				en,
				Base,
			);
			mainGroup = BBA3A022BB3D71DC3E6467AB6FDAF887;
			projectDirPath = "";
			projectRoot = "";
			targets = (
				6B56C1DB3ADC9BFA5C7A6A103CC77C24 /* Magic */,
				4F6D1C3F8BF0A0EEC8CBAF882B6FE7F8 /* MagicTests */,
			);
		};
/* End PBXProject section */

/* Begin PBXResourcesBuildPhase section */
		46D82EBA2C43F8DB0185D16DFF57435F /* Resources */ = {
			isa = PBXResourcesBuildPhase;
			buildActionMask = 2147483647;
			files = (
				AC2581A5EFAC75F86F1C685005D3E3BB /* Assets.xcassets in Resources */,
				DCF5D64F8985FD7F7D1A046209680D79 /* LaunchScreen.storyboard in Resources */,
				2F102689DA7180DF8D5AAED54F7EE97B /* Main.storyboard in Resources */,
			);
			runOnlyForDeploymentPostprocessing = 0;
		};
/* End PBXResourcesBuildPhase section */

/* Begin PBXShellScriptBuildPhase section */
		306C28590667ED97F99DED4082811744 /* SwiftLint */ = {
			isa = PBXShellScriptBuildPhase;
			buildActionMask = 2147483647;
			files = (
			);
			inputFileListPaths = (
			);
			inputPaths = (
			);
			name = SwiftLint;
			outputFileListPaths = (
			);
			outputPaths = (
			);
			runOnlyForDeploymentPostprocessing = 0;
			shellPath = /bin/sh;
			shellScript = "swiftlint lint --path \"$SRCROOT/Magic\"";
		};
		98A033C1B05D9B81BBCA0B648A68AB0A /* Carthage */ = {
			isa = PBXShellScriptBuildPhase;
			buildActionMask = 2147483647;
			files = (
			);
			inputPaths = (
				"$(SRCROOT)/Carthage/Build/iOS/Alamofire.framework",
			);
			name = Carthage;
			outputPaths = (
				"$(BUILT_PRODUCTS_DIR)/$(FRAMEWORKS_FOLDER_PATH)/Alamofire.framework",
			);
			runOnlyForDeploymentPostprocessing = 0;
			shellPath = /bin/sh;
			shellScript = "carthage copy-frameworks\n";
		};
/* End PBXShellScriptBuildPhase section */

/* Begin PBXSourcesBuildPhase section */
		0A3F749C39616916368EB5AF808C09BB /* Sources */ = {
			isa = PBXSourcesBuildPhase;
			buildActionMask = 2147483647;
			files = (
				BD90D09DFD411918A117AB707805CCE7 /* AppDelegate.swift in Sources */,
				46B7FF762278BAB600A73C7F /* Cache.swift in Sources */,
				0554BC40A3D1B76F415B40A193937A21 /* Card.swift in Sources */,
				180CD23BEE400D5035EF6D9CA306851F /* CardService.swift in Sources */,
				E183BDDAA44685A6AC57B739BA75FA7A /* CardSet.swift in Sources */,
				46B7FF722278B20400A73C7F /* CachedCartSetService.swift in Sources */,
				1E9B9475695FD27D0C712FFA332FD8E1 /* CardSetService.swift in Sources */,
				919481AEBDD91A5CD7490463A715FEBB /* NetworkService.swift in Sources */,
				BB9BE06232825B3C9F548E9AF3628505 /* ViewController.swift in Sources */,
			);
			runOnlyForDeploymentPostprocessing = 0;
		};
		B0ED38937485C1E90A402C54B0EA9568 /* Sources */ = {
			isa = PBXSourcesBuildPhase;
			buildActionMask = 2147483647;
			files = (
				2808C8D0CFB1C8E5F5C1EACC2BB490F5 /* CardSetSpec.swift in Sources */,
				ED7858E5A49B087EA347DACB7C5561E5 /* CardSpec.swift in Sources */,
				E20E6F5202B6B4DE5B1135D9DD1A7842 /* MagicTests.swift in Sources */,
				501E384E7C5EBD02DC4EE11D031F8823 /* NetworkServiceSpec.swift in Sources */,
			);
			runOnlyForDeploymentPostprocessing = 0;
		};
/* End PBXSourcesBuildPhase section */

/* Begin PBXTargetDependency section */
		C5D77F61A12E0CE361C728893993B6B9 /* PBXTargetDependency */ = {
			isa = PBXTargetDependency;
			target = 6B56C1DB3ADC9BFA5C7A6A103CC77C24 /* Magic */;
			targetProxy = 6FDBFEC2BC8223922B6ADECA991AA347 /* PBXContainerItemProxy */;
		};
/* End PBXTargetDependency section */

/* Begin PBXVariantGroup section */
		2FED5A7B6C2CF86827FFA4F2F70EC521 /* LaunchScreen.storyboard */ = {
			isa = PBXVariantGroup;
			children = (
				700FDD75404DD88EA8F7DBF8BFFD43BB /* Base */,
			);
			name = LaunchScreen.storyboard;
			sourceTree = "<group>";
		};
		8A06F0D0EC0887CE3B6818813F3FFE48 /* Main.storyboard */ = {
			isa = PBXVariantGroup;
			children = (
				1E767FFBA8566ABB1DB5511368377DBC /* Base */,
			);
			name = Main.storyboard;
			sourceTree = "<group>";
		};
/* End PBXVariantGroup section */

/* Begin XCBuildConfiguration section */
		4FADBB22A7CC97C01425BB3FD0A3A635 /* Release */ = {
			isa = XCBuildConfiguration;
			buildSettings = {
				ALWAYS_SEARCH_USER_PATHS = NO;
				CLANG_ANALYZER_NONNULL = YES;
				CLANG_ANALYZER_NUMBER_OBJECT_CONVERSION = YES_AGGRESSIVE;
				CLANG_CXX_LANGUAGE_STANDARD = "gnu++14";
				CLANG_CXX_LIBRARY = "libc++";
				CLANG_ENABLE_MODULES = YES;
				CLANG_ENABLE_OBJC_ARC = YES;
				CLANG_WARN_BLOCK_CAPTURE_AUTORELEASING = YES;
				CLANG_WARN_BOOL_CONVERSION = YES;
				CLANG_WARN_COMMA = YES;
				CLANG_WARN_CONSTANT_CONVERSION = YES;
				CLANG_WARN_DEPRECATED_OBJC_IMPLEMENTATIONS = YES;
				CLANG_WARN_DIRECT_OBJC_ISA_USAGE = YES_ERROR;
				CLANG_WARN_DOCUMENTATION_COMMENTS = YES;
				CLANG_WARN_EMPTY_BODY = YES;
				CLANG_WARN_ENUM_CONVERSION = YES;
				CLANG_WARN_INFINITE_RECURSION = YES;
				CLANG_WARN_INT_CONVERSION = YES;
				CLANG_WARN_NON_LITERAL_NULL_CONVERSION = YES;
				CLANG_WARN_OBJC_IMPLICIT_RETAIN_SELF = YES;
				CLANG_WARN_OBJC_LITERAL_CONVERSION = YES;
				CLANG_WARN_OBJC_ROOT_CLASS = YES_ERROR;
				CLANG_WARN_RANGE_LOOP_ANALYSIS = YES;
				CLANG_WARN_STRICT_PROTOTYPES = YES;
				CLANG_WARN_SUSPICIOUS_MOVE = YES;
				CLANG_WARN_UNGUARDED_AVAILABILITY = YES_AGGRESSIVE;
				CLANG_WARN_UNREACHABLE_CODE = YES;
				CLANG_WARN__DUPLICATE_METHOD_MATCH = YES;
				COPY_PHASE_STRIP = NO;
				DEBUG_INFORMATION_FORMAT = "dwarf-with-dsym";
				ENABLE_NS_ASSERTIONS = NO;
				ENABLE_STRICT_OBJC_MSGSEND = YES;
				GCC_C_LANGUAGE_STANDARD = gnu11;
				GCC_NO_COMMON_BLOCKS = YES;
				GCC_WARN_64_TO_32_BIT_CONVERSION = YES;
				GCC_WARN_ABOUT_RETURN_TYPE = YES_ERROR;
				GCC_WARN_UNDECLARED_SELECTOR = YES;
				GCC_WARN_UNINITIALIZED_AUTOS = YES_AGGRESSIVE;
				GCC_WARN_UNUSED_FUNCTION = YES;
				GCC_WARN_UNUSED_VARIABLE = YES;
				PRODUCT_NAME = "$(TARGET_NAME)";
				SDKROOT = iphoneos;
				SWIFT_COMPILATION_MODE = wholemodule;
				SWIFT_VERSION = 5.0;
				VALIDATE_PRODUCT = YES;
			};
			name = Release;
		};
		6310F11CF232C9CFEF7F59E85106BE25 /* Debug */ = {
			isa = XCBuildConfiguration;
			buildSettings = {
				BUNDLE_LOADER = "$(TEST_HOST)";
				FRAMEWORK_SEARCH_PATHS = (
					"$(inherited)",
					"$(PROJECT_DIR)/Carthage/Build/iOS",
				);
				INFOPLIST_FILE = MagicTests/Info.plist;
				LD_RUNPATH_SEARCH_PATHS = (
					"$(inherited)",
					"@executable_path/Frameworks",
					"@loader_path/Frameworks",
				);
				PRODUCT_BUNDLE_IDENTIFIER = com.jordao.filipe.magic.MagicTests;
				SDKROOT = iphoneos;
				TARGETED_DEVICE_FAMILY = "1,2";
				TEST_HOST = "$(BUILT_PRODUCTS_DIR)/Magic.app/Magic";
				TEST_TARGET_NAME = Magic;
			};
			name = Debug;
		};
		65CEF7313909AA0AC735CDF977C8214E /* Release */ = {
			isa = XCBuildConfiguration;
			buildSettings = {
				BUNDLE_LOADER = "$(TEST_HOST)";
				FRAMEWORK_SEARCH_PATHS = (
					"$(inherited)",
					"$(PROJECT_DIR)/Carthage/Build/iOS",
				);
				INFOPLIST_FILE = MagicTests/Info.plist;
				LD_RUNPATH_SEARCH_PATHS = (
					"$(inherited)",
					"@executable_path/Frameworks",
					"@loader_path/Frameworks",
				);
				PRODUCT_BUNDLE_IDENTIFIER = com.jordao.filipe.magic.MagicTests;
				SDKROOT = iphoneos;
				TARGETED_DEVICE_FAMILY = "1,2";
				TEST_HOST = "$(BUILT_PRODUCTS_DIR)/Magic.app/Magic";
				TEST_TARGET_NAME = Magic;
			};
			name = Release;
		};
		866927521A21ABF95274DDCE87D8E4AF /* Debug */ = {
			isa = XCBuildConfiguration;
			buildSettings = {
				ASSETCATALOG_COMPILER_APPICON_NAME = AppIcon;
				CODE_SIGN_IDENTITY = "iPhone Developer";
				FRAMEWORK_SEARCH_PATHS = (
					"$(inherited)",
					"$(PROJECT_DIR)/Carthage/Build/iOS",
				);
				INFOPLIST_FILE = Magic/Info.plist;
				IPHONEOS_DEPLOYMENT_TARGET = 10.0;
				LD_RUNPATH_SEARCH_PATHS = (
					"$(inherited)",
					"@executable_path/Frameworks",
				);
				PRODUCT_BUNDLE_IDENTIFIER = com.jordao.filipe.magic.Magic;
				SDKROOT = iphoneos;
				TARGETED_DEVICE_FAMILY = "1,2";
			};
			name = Debug;
		};
		B0BD1F042931D14F69E084E5FB99331D /* Release */ = {
			isa = XCBuildConfiguration;
			buildSettings = {
				ASSETCATALOG_COMPILER_APPICON_NAME = AppIcon;
				CODE_SIGN_IDENTITY = "iPhone Developer";
				FRAMEWORK_SEARCH_PATHS = (
					"$(inherited)",
					"$(PROJECT_DIR)/Carthage/Build/iOS",
				);
				INFOPLIST_FILE = Magic/Info.plist;
				IPHONEOS_DEPLOYMENT_TARGET = 10.0;
				LD_RUNPATH_SEARCH_PATHS = (
					"$(inherited)",
					"@executable_path/Frameworks",
				);
				PRODUCT_BUNDLE_IDENTIFIER = com.jordao.filipe.magic.Magic;
				SDKROOT = iphoneos;
				TARGETED_DEVICE_FAMILY = "1,2";
			};
			name = Release;
		};
		E565D3026BAF8872C831D8F3CF4290E4 /* Debug */ = {
			isa = XCBuildConfiguration;
			buildSettings = {
				ALWAYS_SEARCH_USER_PATHS = NO;
				CLANG_ANALYZER_NONNULL = YES;
				CLANG_ANALYZER_NUMBER_OBJECT_CONVERSION = YES_AGGRESSIVE;
				CLANG_CXX_LANGUAGE_STANDARD = "gnu++14";
				CLANG_CXX_LIBRARY = "libc++";
				CLANG_ENABLE_MODULES = YES;
				CLANG_ENABLE_OBJC_ARC = YES;
				CLANG_WARN_BLOCK_CAPTURE_AUTORELEASING = YES;
				CLANG_WARN_BOOL_CONVERSION = YES;
				CLANG_WARN_COMMA = YES;
				CLANG_WARN_CONSTANT_CONVERSION = YES;
				CLANG_WARN_DEPRECATED_OBJC_IMPLEMENTATIONS = YES;
				CLANG_WARN_DIRECT_OBJC_ISA_USAGE = YES_ERROR;
				CLANG_WARN_DOCUMENTATION_COMMENTS = YES;
				CLANG_WARN_EMPTY_BODY = YES;
				CLANG_WARN_ENUM_CONVERSION = YES;
				CLANG_WARN_INFINITE_RECURSION = YES;
				CLANG_WARN_INT_CONVERSION = YES;
				CLANG_WARN_NON_LITERAL_NULL_CONVERSION = YES;
				CLANG_WARN_OBJC_IMPLICIT_RETAIN_SELF = YES;
				CLANG_WARN_OBJC_LITERAL_CONVERSION = YES;
				CLANG_WARN_OBJC_ROOT_CLASS = YES_ERROR;
				CLANG_WARN_RANGE_LOOP_ANALYSIS = YES;
				CLANG_WARN_STRICT_PROTOTYPES = YES;
				CLANG_WARN_SUSPICIOUS_MOVE = YES;
				CLANG_WARN_UNGUARDED_AVAILABILITY = YES_AGGRESSIVE;
				CLANG_WARN_UNREACHABLE_CODE = YES;
				CLANG_WARN__DUPLICATE_METHOD_MATCH = YES;
				COPY_PHASE_STRIP = NO;
				DEBUG_INFORMATION_FORMAT = dwarf;
				ENABLE_STRICT_OBJC_MSGSEND = YES;
				ENABLE_TESTABILITY = YES;
				GCC_C_LANGUAGE_STANDARD = gnu11;
				GCC_DYNAMIC_NO_PIC = NO;
				GCC_NO_COMMON_BLOCKS = YES;
				GCC_OPTIMIZATION_LEVEL = 0;
				GCC_PREPROCESSOR_DEFINITIONS = (
					"$(inherited)",
					"DEBUG=1",
				);
				GCC_WARN_64_TO_32_BIT_CONVERSION = YES;
				GCC_WARN_ABOUT_RETURN_TYPE = YES_ERROR;
				GCC_WARN_UNDECLARED_SELECTOR = YES;
				GCC_WARN_UNINITIALIZED_AUTOS = YES_AGGRESSIVE;
				GCC_WARN_UNUSED_FUNCTION = YES;
				GCC_WARN_UNUSED_VARIABLE = YES;
				MTL_ENABLE_DEBUG_INFO = YES;
				ONLY_ACTIVE_ARCH = YES;
				PRODUCT_NAME = "$(TARGET_NAME)";
				SDKROOT = iphoneos;
				SWIFT_ACTIVE_COMPILATION_CONDITIONS = DEBUG;
				SWIFT_OPTIMIZATION_LEVEL = "-Onone";
				SWIFT_VERSION = 5.0;
			};
			name = Debug;
		};
/* End XCBuildConfiguration section */

/* Begin XCConfigurationList section */
		438685B3DDD167C3349C426D93F58E5D /* Build configuration list for PBXProject "Magic" */ = {
			isa = XCConfigurationList;
			buildConfigurations = (
				E565D3026BAF8872C831D8F3CF4290E4 /* Debug */,
				4FADBB22A7CC97C01425BB3FD0A3A635 /* Release */,
			);
			defaultConfigurationIsVisible = 0;
			defaultConfigurationName = Debug;
		};
		7F51EADCF29232795A58BAD26501BA6B /* Build configuration list for PBXNativeTarget "MagicTests" */ = {
			isa = XCConfigurationList;
			buildConfigurations = (
				6310F11CF232C9CFEF7F59E85106BE25 /* Debug */,
				65CEF7313909AA0AC735CDF977C8214E /* Release */,
			);
			defaultConfigurationIsVisible = 0;
			defaultConfigurationName = "";
		};
		E0802AEE9D133449084D38C6B47F8DAD /* Build configuration list for PBXNativeTarget "Magic" */ = {
			isa = XCConfigurationList;
			buildConfigurations = (
				866927521A21ABF95274DDCE87D8E4AF /* Debug */,
				B0BD1F042931D14F69E084E5FB99331D /* Release */,
			);
			defaultConfigurationIsVisible = 0;
			defaultConfigurationName = "";
		};
/* End XCConfigurationList section */
	};
	rootObject = B945C69B79389B225666B276D7976339 /* Project object */;
}
